
Microsoft Visual Studio Solution File, Format Version 12.00
# Visual Studio Version 17
VisualStudioVersion = 17.6.33829.357
MinimumVisualStudioVersion = 10.0.40219.1
Project("{FAE04EC0-301F-11D3-BF4B-00C04F79EFBC}") = "WebApi", "WebApi.csproj", "{14015795-B3C5-489B-A9F8-DE63D6FA6E4F}"
EndProject
Global
	GlobalSection(SolutionConfigurationPlatforms) = preSolution
		Debug|Any CPU = Debug|Any CPU
		Release|Any CPU = Release|Any CPU
	EndGlobalSection
	GlobalSection(ProjectConfigurationPlatforms) = postSolution
		{14015795-B3C5-489B-A9F8-DE63D6FA6E4F}.Debug|Any CPU.ActiveCfg = Debug|Any CPU
		{14015795-B3C5-489B-A9F8-DE63D6FA6E4F}.Debug|Any CPU.Build.0 = Debug|Any CPU
		{14015795-B3C5-489B-A9F8-DE63D6FA6E4F}.Release|Any CPU.ActiveCfg = Release|Any CPU
		{14015795-B3C5-489B-A9F8-DE63D6FA6E4F}.Release|Any CPU.Build.0 = Release|Any CPU
	EndGlobalSection
	GlobalSection(SolutionProperties) = preSolution
		HideSolutionNode = FALSE
	EndGlobalSection
	GlobalSection(ExtensibilityGlobals) = postSolution
		SolutionGuid = {FEA1AF1D-2CE0-4451-A491-563385309007}
	EndGlobalSection
EndGlobal
